// !$*UTF8*$!
{
	archiveVersion = 1;
	classes = {
	};
	objectVersion = 56;
	objects = {

/* Begin PBXBuildFile section */
		740D0E012999D3F500776E3D /* MuscleView.swift in Sources */ = {isa = PBXBuildFile; fileRef = 740D0E002999D3F500776E3D /* MuscleView.swift */; };
		740D0E03299B27F100776E3D /* DataListView.swift in Sources */ = {isa = PBXBuildFile; fileRef = 740D0E02299B27F100776E3D /* DataListView.swift */; };
		74117142297A07C000328365 /* SettingsView.swift in Sources */ = {isa = PBXBuildFile; fileRef = 74117141297A07C000328365 /* SettingsView.swift */; };
		74117145297B4FCE00328365 /* OneMonthExerciseChartView.swift in Sources */ = {isa = PBXBuildFile; fileRef = 74117144297B4FCE00328365 /* OneMonthExerciseChartView.swift */; };
		74117147297E0CD000328365 /* ThreeMonthExerciseChartView.swift in Sources */ = {isa = PBXBuildFile; fileRef = 74117146297E0CD000328365 /* ThreeMonthExerciseChartView.swift */; };
		7411E8EA296CF8EB00C1FB8A /* RestingHeartRate.swift in Sources */ = {isa = PBXBuildFile; fileRef = 7411E8E9296CF8EB00C1FB8A /* RestingHeartRate.swift */; };
		7429988429C414E20044E890 /* OnboardingView.swift in Sources */ = {isa = PBXBuildFile; fileRef = 7429988329C414E20044E890 /* OnboardingView.swift */; };
		74338BC22974C96700EEC9B9 /* MainScreenView.swift in Sources */ = {isa = PBXBuildFile; fileRef = 74338BC12974C96700EEC9B9 /* MainScreenView.swift */; };
		74338BC42974D03800EEC9B9 /* StatsView.swift in Sources */ = {isa = PBXBuildFile; fileRef = 74338BC32974D03800EEC9B9 /* StatsView.swift */; };
		74338BC62975675A00EEC9B9 /* ExerciseTime.swift in Sources */ = {isa = PBXBuildFile; fileRef = 74338BC52975675A00EEC9B9 /* ExerciseTime.swift */; };
		743818E3295DFC8200FE4613 /* DateExtension.swift in Sources */ = {isa = PBXBuildFile; fileRef = 743818E2295DFC8200FE4613 /* DateExtension.swift */; };
		743818E6295E0C4500FE4613 /* Step.swift in Sources */ = {isa = PBXBuildFile; fileRef = 743818E5295E0C4500FE4613 /* Step.swift */; };
		7438360E29720ED400CE8384 /* OneWeekRestHRChartView.swift in Sources */ = {isa = PBXBuildFile; fileRef = 7438360D29720ED400CE8384 /* OneWeekRestHRChartView.swift */; };
		7438E699298733C600F571C7 /* NotificationManager.swift in Sources */ = {isa = PBXBuildFile; fileRef = 7438E698298733C600F571C7 /* NotificationManager.swift */; };
		7438E69E2987457D00F571C7 /* Constants.swift in Sources */ = {isa = PBXBuildFile; fileRef = 7438E69D2987457D00F571C7 /* Constants.swift */; };
		7438E6A02988B9F800F571C7 /* CaloriesBurnedView.swift in Sources */ = {isa = PBXBuildFile; fileRef = 7438E69F2988B9F800F571C7 /* CaloriesBurnedView.swift */; };
		744095B929A5C6930098ACA7 /* HealthTypeInfoText.swift in Sources */ = {isa = PBXBuildFile; fileRef = 744095B829A5C6930098ACA7 /* HealthTypeInfoText.swift */; };
		744095C129A71C5C0098ACA7 /* ColorExtension.swift in Sources */ = {isa = PBXBuildFile; fileRef = 744095C029A71C5C0098ACA7 /* ColorExtension.swift */; };
		7466602C297EB60B00C17C8A /* StrengthTrainingGoalView.swift in Sources */ = {isa = PBXBuildFile; fileRef = 7466602B297EB60B00C17C8A /* StrengthTrainingGoalView.swift */; };
		7466602E297EE96100C17C8A /* ExerciseGaugeView.swift in Sources */ = {isa = PBXBuildFile; fileRef = 7466602D297EE96100C17C8A /* ExerciseGaugeView.swift */; };
		746660322982B3FD00C17C8A /* ProgressGaugeView.swift in Sources */ = {isa = PBXBuildFile; fileRef = 746660312982B3FD00C17C8A /* ProgressGaugeView.swift */; };
		7466603429843BCA00C17C8A /* StepCountCardView.swift in Sources */ = {isa = PBXBuildFile; fileRef = 7466603329843BCA00C17C8A /* StepCountCardView.swift */; };
		74666036298487EE00C17C8A /* CaloriesBurned.swift in Sources */ = {isa = PBXBuildFile; fileRef = 74666035298487EE00C17C8A /* CaloriesBurned.swift */; };
		7466D62D2975D2C5000A2763 /* OneWeekExerciseTimeChartView.swift in Sources */ = {isa = PBXBuildFile; fileRef = 7466D62C2975D2C5000A2763 /* OneWeekExerciseTimeChartView.swift */; };
		74675B15295FAD51008658B1 /* CurrentSummaryCardView.swift in Sources */ = {isa = PBXBuildFile; fileRef = 74675B14295FAD51008658B1 /* CurrentSummaryCardView.swift */; };
		747ED72129D65A4800F4FE16 /* GoalTextModifier.swift in Sources */ = {isa = PBXBuildFile; fileRef = 747ED72029D65A4800F4FE16 /* GoalTextModifier.swift */; };
		7496020C29D77B2500B6B824 /* WelcomeView.swift in Sources */ = {isa = PBXBuildFile; fileRef = 7496020B29D77B2500B6B824 /* WelcomeView.swift */; };
		7496020E29D77B5F00B6B824 /* OnboardTextView.swift in Sources */ = {isa = PBXBuildFile; fileRef = 7496020D29D77B5F00B6B824 /* OnboardTextView.swift */; };
		7496021029D77B7E00B6B824 /* AuthorizationView.swift in Sources */ = {isa = PBXBuildFile; fileRef = 7496020F29D77B7E00B6B824 /* AuthorizationView.swift */; };
		74D3063A296E1E95004D153B /* ProgressionStepBar.swift in Sources */ = {isa = PBXBuildFile; fileRef = 74D30639296E1E95004D153B /* ProgressionStepBar.swift */; };
		74D9111829C7ED6D00DD694F /* StrengthActivityWeekView.swift in Sources */ = {isa = PBXBuildFile; fileRef = 74D9111729C7ED6D00DD694F /* StrengthActivityWeekView.swift */; };
		74D9111C29CBE65400DD694F /* FitnessIconModifier.swift in Sources */ = {isa = PBXBuildFile; fileRef = 74D9111B29CBE65400DD694F /* FitnessIconModifier.swift */; };
		74DF66F9295B77A50046F521 /* HealthAppProjectApp.swift in Sources */ = {isa = PBXBuildFile; fileRef = 74DF66F8295B77A50046F521 /* HealthAppProjectApp.swift */; };
		74DF66FB295B77A50046F521 /* QuickView.swift in Sources */ = {isa = PBXBuildFile; fileRef = 74DF66FA295B77A50046F521 /* QuickView.swift */; };
		74DF66FD295B77AC0046F521 /* Assets.xcassets in Resources */ = {isa = PBXBuildFile; fileRef = 74DF66FC295B77AC0046F521 /* Assets.xcassets */; };
		74DF6700295B77AC0046F521 /* Preview Assets.xcassets in Resources */ = {isa = PBXBuildFile; fileRef = 74DF66FF295B77AC0046F521 /* Preview Assets.xcassets */; };
		74DF670C295B843C0046F521 /* HealthStoreViewModel.swift in Sources */ = {isa = PBXBuildFile; fileRef = 74DF670B295B843C0046F521 /* HealthStoreViewModel.swift */; };
		74E4DE542978C2D300E2A42C /* InfoView.swift in Sources */ = {isa = PBXBuildFile; fileRef = 74E4DE532978C2D300E2A42C /* InfoView.swift */; };
		74E4DE562978C6D700E2A42C /* InfoHeaderComponent.swift in Sources */ = {isa = PBXBuildFile; fileRef = 74E4DE552978C6D700E2A42C /* InfoHeaderComponent.swift */; };
		74F02F5C29AAE9B200AEB8BE /* HKWorkoutActivityTypeExtension.swift in Sources */ = {isa = PBXBuildFile; fileRef = 74F02F5B29AAE9B200AEB8BE /* HKWorkoutActivityTypeExtension.swift */; };
		74F02F6729B1A34A00AEB8BE /* Cardbackground.swift in Sources */ = {isa = PBXBuildFile; fileRef = 74F02F6629B1A34A00AEB8BE /* Cardbackground.swift */; };
		74F02F6929B1A83E00AEB8BE /* StepCountTileView.swift in Sources */ = {isa = PBXBuildFile; fileRef = 74F02F6829B1A83E00AEB8BE /* StepCountTileView.swift */; };
		74F02F6D29B278B900AEB8BE /* HealthInfoTileView.swift in Sources */ = {isa = PBXBuildFile; fileRef = 74F02F6C29B278B900AEB8BE /* HealthInfoTileView.swift */; };
		74F02F6F29B2807100AEB8BE /* HeartRateVariability.swift in Sources */ = {isa = PBXBuildFile; fileRef = 74F02F6E29B2807100AEB8BE /* HeartRateVariability.swift */; };
		74F02F7129B28C2E00AEB8BE /* OneWeekHRVChartView.swift in Sources */ = {isa = PBXBuildFile; fileRef = 74F02F7029B28C2E00AEB8BE /* OneWeekHRVChartView.swift */; };
		74FBE85C2971FCA5003B5789 /* OneWeekStepChartView.swift in Sources */ = {isa = PBXBuildFile; fileRef = 74FBE85B2971FCA5003B5789 /* OneWeekStepChartView.swift */; };
/* End PBXBuildFile section */

/* Begin PBXFileReference section */
		740D0E002999D3F500776E3D /* MuscleView.swift */ = {isa = PBXFileReference; lastKnownFileType = sourcecode.swift; path = MuscleView.swift; sourceTree = "<group>"; };
		740D0E02299B27F100776E3D /* DataListView.swift */ = {isa = PBXFileReference; lastKnownFileType = sourcecode.swift; path = DataListView.swift; sourceTree = "<group>"; };
		74117141297A07C000328365 /* SettingsView.swift */ = {isa = PBXFileReference; lastKnownFileType = sourcecode.swift; path = SettingsView.swift; sourceTree = "<group>"; };
		74117144297B4FCE00328365 /* OneMonthExerciseChartView.swift */ = {isa = PBXFileReference; lastKnownFileType = sourcecode.swift; path = OneMonthExerciseChartView.swift; sourceTree = "<group>"; };
		74117146297E0CD000328365 /* ThreeMonthExerciseChartView.swift */ = {isa = PBXFileReference; lastKnownFileType = sourcecode.swift; path = ThreeMonthExerciseChartView.swift; sourceTree = "<group>"; };
		7411E8E9296CF8EB00C1FB8A /* RestingHeartRate.swift */ = {isa = PBXFileReference; lastKnownFileType = sourcecode.swift; path = RestingHeartRate.swift; sourceTree = "<group>"; };
		7429988329C414E20044E890 /* OnboardingView.swift */ = {isa = PBXFileReference; lastKnownFileType = sourcecode.swift; path = OnboardingView.swift; sourceTree = "<group>"; };
		74338BC12974C96700EEC9B9 /* MainScreenView.swift */ = {isa = PBXFileReference; lastKnownFileType = sourcecode.swift; path = MainScreenView.swift; sourceTree = "<group>"; };
		74338BC32974D03800EEC9B9 /* StatsView.swift */ = {isa = PBXFileReference; lastKnownFileType = sourcecode.swift; path = StatsView.swift; sourceTree = "<group>"; };
		74338BC52975675A00EEC9B9 /* ExerciseTime.swift */ = {isa = PBXFileReference; lastKnownFileType = sourcecode.swift; path = ExerciseTime.swift; sourceTree = "<group>"; };
		743818E2295DFC8200FE4613 /* DateExtension.swift */ = {isa = PBXFileReference; lastKnownFileType = sourcecode.swift; path = DateExtension.swift; sourceTree = "<group>"; };
		743818E5295E0C4500FE4613 /* Step.swift */ = {isa = PBXFileReference; lastKnownFileType = sourcecode.swift; path = Step.swift; sourceTree = "<group>"; };
		7438360D29720ED400CE8384 /* OneWeekRestHRChartView.swift */ = {isa = PBXFileReference; lastKnownFileType = sourcecode.swift; path = OneWeekRestHRChartView.swift; sourceTree = "<group>"; };
		7438E698298733C600F571C7 /* NotificationManager.swift */ = {isa = PBXFileReference; lastKnownFileType = sourcecode.swift; path = NotificationManager.swift; sourceTree = "<group>"; };
		7438E69D2987457D00F571C7 /* Constants.swift */ = {isa = PBXFileReference; lastKnownFileType = sourcecode.swift; path = Constants.swift; sourceTree = "<group>"; };
		7438E69F2988B9F800F571C7 /* CaloriesBurnedView.swift */ = {isa = PBXFileReference; lastKnownFileType = sourcecode.swift; path = CaloriesBurnedView.swift; sourceTree = "<group>"; };
		743AB91B295CE8B2004BD054 /* Info.plist */ = {isa = PBXFileReference; lastKnownFileType = text.plist; path = Info.plist; sourceTree = "<group>"; };
		744095B829A5C6930098ACA7 /* HealthTypeInfoText.swift */ = {isa = PBXFileReference; lastKnownFileType = sourcecode.swift; path = HealthTypeInfoText.swift; sourceTree = "<group>"; };
		744095C029A71C5C0098ACA7 /* ColorExtension.swift */ = {isa = PBXFileReference; lastKnownFileType = sourcecode.swift; path = ColorExtension.swift; sourceTree = "<group>"; };
		7466602B297EB60B00C17C8A /* StrengthTrainingGoalView.swift */ = {isa = PBXFileReference; lastKnownFileType = sourcecode.swift; path = StrengthTrainingGoalView.swift; sourceTree = "<group>"; };
		7466602D297EE96100C17C8A /* ExerciseGaugeView.swift */ = {isa = PBXFileReference; lastKnownFileType = sourcecode.swift; path = ExerciseGaugeView.swift; sourceTree = "<group>"; };
		746660312982B3FD00C17C8A /* ProgressGaugeView.swift */ = {isa = PBXFileReference; lastKnownFileType = sourcecode.swift; path = ProgressGaugeView.swift; sourceTree = "<group>"; };
		7466603329843BCA00C17C8A /* StepCountCardView.swift */ = {isa = PBXFileReference; lastKnownFileType = sourcecode.swift; path = StepCountCardView.swift; sourceTree = "<group>"; };
		74666035298487EE00C17C8A /* CaloriesBurned.swift */ = {isa = PBXFileReference; lastKnownFileType = sourcecode.swift; path = CaloriesBurned.swift; sourceTree = "<group>"; };
		7466D62C2975D2C5000A2763 /* OneWeekExerciseTimeChartView.swift */ = {isa = PBXFileReference; lastKnownFileType = sourcecode.swift; path = OneWeekExerciseTimeChartView.swift; sourceTree = "<group>"; };
		74675B14295FAD51008658B1 /* CurrentSummaryCardView.swift */ = {isa = PBXFileReference; lastKnownFileType = sourcecode.swift; path = CurrentSummaryCardView.swift; sourceTree = "<group>"; };
		747ED72029D65A4800F4FE16 /* GoalTextModifier.swift */ = {isa = PBXFileReference; lastKnownFileType = sourcecode.swift; path = GoalTextModifier.swift; sourceTree = "<group>"; };
		7496020B29D77B2500B6B824 /* WelcomeView.swift */ = {isa = PBXFileReference; lastKnownFileType = sourcecode.swift; path = WelcomeView.swift; sourceTree = "<group>"; };
		7496020D29D77B5F00B6B824 /* OnboardTextView.swift */ = {isa = PBXFileReference; lastKnownFileType = sourcecode.swift; path = OnboardTextView.swift; sourceTree = "<group>"; };
		7496020F29D77B7E00B6B824 /* AuthorizationView.swift */ = {isa = PBXFileReference; lastKnownFileType = sourcecode.swift; path = AuthorizationView.swift; sourceTree = "<group>"; };
		74D30639296E1E95004D153B /* ProgressionStepBar.swift */ = {isa = PBXFileReference; lastKnownFileType = sourcecode.swift; path = ProgressionStepBar.swift; sourceTree = "<group>"; };
		74D9111729C7ED6D00DD694F /* StrengthActivityWeekView.swift */ = {isa = PBXFileReference; lastKnownFileType = sourcecode.swift; path = StrengthActivityWeekView.swift; sourceTree = "<group>"; };
		74D9111B29CBE65400DD694F /* FitnessIconModifier.swift */ = {isa = PBXFileReference; lastKnownFileType = sourcecode.swift; path = FitnessIconModifier.swift; sourceTree = "<group>"; };
		74DF66F5295B77A50046F521 /* HealthAppProject.app */ = {isa = PBXFileReference; explicitFileType = wrapper.application; includeInIndex = 0; path = HealthAppProject.app; sourceTree = BUILT_PRODUCTS_DIR; };
		74DF66F8295B77A50046F521 /* HealthAppProjectApp.swift */ = {isa = PBXFileReference; lastKnownFileType = sourcecode.swift; path = HealthAppProjectApp.swift; sourceTree = "<group>"; };
		74DF66FA295B77A50046F521 /* QuickView.swift */ = {isa = PBXFileReference; lastKnownFileType = sourcecode.swift; path = QuickView.swift; sourceTree = "<group>"; };
		74DF66FC295B77AC0046F521 /* Assets.xcassets */ = {isa = PBXFileReference; lastKnownFileType = folder.assetcatalog; path = Assets.xcassets; sourceTree = "<group>"; };
		74DF66FF295B77AC0046F521 /* Preview Assets.xcassets */ = {isa = PBXFileReference; lastKnownFileType = folder.assetcatalog; path = "Preview Assets.xcassets"; sourceTree = "<group>"; };
		74DF6706295B80450046F521 /* HealthAppProject.entitlements */ = {isa = PBXFileReference; lastKnownFileType = text.plist.entitlements; path = HealthAppProject.entitlements; sourceTree = "<group>"; };
		74DF670B295B843C0046F521 /* HealthStoreViewModel.swift */ = {isa = PBXFileReference; lastKnownFileType = sourcecode.swift; path = HealthStoreViewModel.swift; sourceTree = "<group>"; };
		74E4DE532978C2D300E2A42C /* InfoView.swift */ = {isa = PBXFileReference; lastKnownFileType = sourcecode.swift; path = InfoView.swift; sourceTree = "<group>"; };
		74E4DE552978C6D700E2A42C /* InfoHeaderComponent.swift */ = {isa = PBXFileReference; lastKnownFileType = sourcecode.swift; path = InfoHeaderComponent.swift; sourceTree = "<group>"; };
		74F02F5B29AAE9B200AEB8BE /* HKWorkoutActivityTypeExtension.swift */ = {isa = PBXFileReference; lastKnownFileType = sourcecode.swift; path = HKWorkoutActivityTypeExtension.swift; sourceTree = "<group>"; };
		74F02F6629B1A34A00AEB8BE /* Cardbackground.swift */ = {isa = PBXFileReference; lastKnownFileType = sourcecode.swift; path = Cardbackground.swift; sourceTree = "<group>"; };
		74F02F6829B1A83E00AEB8BE /* StepCountTileView.swift */ = {isa = PBXFileReference; lastKnownFileType = sourcecode.swift; path = StepCountTileView.swift; sourceTree = "<group>"; };
		74F02F6C29B278B900AEB8BE /* HealthInfoTileView.swift */ = {isa = PBXFileReference; lastKnownFileType = sourcecode.swift; path = HealthInfoTileView.swift; sourceTree = "<group>"; };
		74F02F6E29B2807100AEB8BE /* HeartRateVariability.swift */ = {isa = PBXFileReference; lastKnownFileType = sourcecode.swift; path = HeartRateVariability.swift; sourceTree = "<group>"; };
		74F02F7029B28C2E00AEB8BE /* OneWeekHRVChartView.swift */ = {isa = PBXFileReference; lastKnownFileType = sourcecode.swift; path = OneWeekHRVChartView.swift; sourceTree = "<group>"; };
		74FBE85B2971FCA5003B5789 /* OneWeekStepChartView.swift */ = {isa = PBXFileReference; lastKnownFileType = sourcecode.swift; path = OneWeekStepChartView.swift; sourceTree = "<group>"; };
/* End PBXFileReference section */

/* Begin PBXFrameworksBuildPhase section */
		74DF66F2295B77A50046F521 /* Frameworks */ = {
			isa = PBXFrameworksBuildPhase;
			buildActionMask = 2147483647;
			files = (
			);
			runOnlyForDeploymentPostprocessing = 0;
		};
/* End PBXFrameworksBuildPhase section */

/* Begin PBXGroup section */
		7400144F29735DAE00675EE9 /* ChartViews */ = {
			isa = PBXGroup;
			children = (
				74FBE85B2971FCA5003B5789 /* OneWeekStepChartView.swift */,
				7438360D29720ED400CE8384 /* OneWeekRestHRChartView.swift */,
				74F02F7029B28C2E00AEB8BE /* OneWeekHRVChartView.swift */,
				7438E69F2988B9F800F571C7 /* CaloriesBurnedView.swift */,
				74117143297B4FBA00328365 /* Exercise Charts */,
			);
			path = ChartViews;
			sourceTree = "<group>";
		};
		740D0DF92995767800776E3D /* CardViews */ = {
			isa = PBXGroup;
			children = (
				74675B14295FAD51008658B1 /* CurrentSummaryCardView.swift */,
				7466602B297EB60B00C17C8A /* StrengthTrainingGoalView.swift */,
				74D9111729C7ED6D00DD694F /* StrengthActivityWeekView.swift */,
				7466603329843BCA00C17C8A /* StepCountCardView.swift */,
				74F02F6829B1A83E00AEB8BE /* StepCountTileView.swift */,
				74F02F6C29B278B900AEB8BE /* HealthInfoTileView.swift */,
			);
			path = CardViews;
			sourceTree = "<group>";
		};
		74117143297B4FBA00328365 /* Exercise Charts */ = {
			isa = PBXGroup;
			children = (
				7466D62C2975D2C5000A2763 /* OneWeekExerciseTimeChartView.swift */,
				74117144297B4FCE00328365 /* OneMonthExerciseChartView.swift */,
				74117146297E0CD000328365 /* ThreeMonthExerciseChartView.swift */,
			);
			path = "Exercise Charts";
			sourceTree = "<group>";
		};
		7429988229C414950044E890 /* Onboarding */ = {
			isa = PBXGroup;
			children = (
				7429988329C414E20044E890 /* OnboardingView.swift */,
				7496020B29D77B2500B6B824 /* WelcomeView.swift */,
				7496020D29D77B5F00B6B824 /* OnboardTextView.swift */,
				7496020F29D77B7E00B6B824 /* AuthorizationView.swift */,
			);
			path = Onboarding;
			sourceTree = "<group>";
		};
		743818E1295DFC7200FE4613 /* Extensions */ = {
			isa = PBXGroup;
			children = (
				743818E2295DFC8200FE4613 /* DateExtension.swift */,
				74F02F5B29AAE9B200AEB8BE /* HKWorkoutActivityTypeExtension.swift */,
				744095C029A71C5C0098ACA7 /* ColorExtension.swift */,
			);
			path = Extensions;
			sourceTree = "<group>";
		};
		743818E4295E0BAD00FE4613 /* Model */ = {
			isa = PBXGroup;
			children = (
				743818E5295E0C4500FE4613 /* Step.swift */,
				74338BC52975675A00EEC9B9 /* ExerciseTime.swift */,
				7411E8E9296CF8EB00C1FB8A /* RestingHeartRate.swift */,
				74666035298487EE00C17C8A /* CaloriesBurned.swift */,
				74F02F6E29B2807100AEB8BE /* HeartRateVariability.swift */,
			);
			path = Model;
			sourceTree = "<group>";
		};
		7438E69A29873D4C00F571C7 /* Helpers */ = {
			isa = PBXGroup;
			children = (
				7438E69D2987457D00F571C7 /* Constants.swift */,
				744095B829A5C6930098ACA7 /* HealthTypeInfoText.swift */,
				74F02F6629B1A34A00AEB8BE /* Cardbackground.swift */,
			);
			path = Helpers;
			sourceTree = "<group>";
		};
		74D30638296E1E71004D153B /* Components */ = {
			isa = PBXGroup;
			children = (
				74D30639296E1E95004D153B /* ProgressionStepBar.swift */,
				74E4DE552978C6D700E2A42C /* InfoHeaderComponent.swift */,
				7466602D297EE96100C17C8A /* ExerciseGaugeView.swift */,
				746660312982B3FD00C17C8A /* ProgressGaugeView.swift */,
				740D0E02299B27F100776E3D /* DataListView.swift */,
			);
			path = Components;
			sourceTree = "<group>";
		};
		74DF66EC295B77A50046F521 = {
			isa = PBXGroup;
			children = (
				74DF66F7295B77A50046F521 /* HealthAppProject */,
				74DF66F6295B77A50046F521 /* Products */,
			);
			sourceTree = "<group>";
		};
		74DF66F6295B77A50046F521 /* Products */ = {
			isa = PBXGroup;
			children = (
				74DF66F5295B77A50046F521 /* HealthAppProject.app */,
			);
			name = Products;
			sourceTree = "<group>";
		};
		74DF66F7295B77A50046F521 /* HealthAppProject */ = {
			isa = PBXGroup;
			children = (
				743AB91B295CE8B2004BD054 /* Info.plist */,
				74DF6706295B80450046F521 /* HealthAppProject.entitlements */,
				74DF66F8295B77A50046F521 /* HealthAppProjectApp.swift */,
				74D9111B29CBE65400DD694F /* FitnessIconModifier.swift */,
				747ED72029D65A4800F4FE16 /* GoalTextModifier.swift */,
				7429641D29CF673E00EE7CCA /* LaunchView.swift */,
				7438E69A29873D4C00F571C7 /* Helpers */,
				74D30638296E1E71004D153B /* Components */,
				743818E4295E0BAD00FE4613 /* Model */,
				743818E1295DFC7200FE4613 /* Extensions */,
				74DF6708295B84090046F521 /* ViewModel */,
				7429988229C414950044E890 /* Onboarding */,
				74DF6707295B83FF0046F521 /* Views */,
				74DF66FC295B77AC0046F521 /* Assets.xcassets */,
				74DF66FE295B77AC0046F521 /* Preview Content */,
			);
			path = HealthAppProject;
			sourceTree = "<group>";
		};
		74DF66FE295B77AC0046F521 /* Preview Content */ = {
			isa = PBXGroup;
			children = (
				74DF66FF295B77AC0046F521 /* Preview Assets.xcassets */,
			);
			path = "Preview Content";
			sourceTree = "<group>";
		};
		74DF6707295B83FF0046F521 /* Views */ = {
			isa = PBXGroup;
			children = (
				74338BC12974C96700EEC9B9 /* MainScreenView.swift */,
				74DF66FA295B77A50046F521 /* QuickView.swift */,
				74338BC32974D03800EEC9B9 /* StatsView.swift */,
				74117141297A07C000328365 /* SettingsView.swift */,
				740D0E002999D3F500776E3D /* MuscleView.swift */,
				740D0DF92995767800776E3D /* CardViews */,
				74E4DE532978C2D300E2A42C /* InfoView.swift */,
				7400144F29735DAE00675EE9 /* ChartViews */,
			);
			path = Views;
			sourceTree = "<group>";
		};
		74DF6708295B84090046F521 /* ViewModel */ = {
			isa = PBXGroup;
			children = (
				74DF670B295B843C0046F521 /* HealthStoreViewModel.swift */,
				7438E698298733C600F571C7 /* NotificationManager.swift */,
			);
			path = ViewModel;
			sourceTree = "<group>";
		};
/* End PBXGroup section */

/* Begin PBXNativeTarget section */
		74DF66F4295B77A50046F521 /* HealthAppProject */ = {
			isa = PBXNativeTarget;
			buildConfigurationList = 74DF6703295B77AC0046F521 /* Build configuration list for PBXNativeTarget "HealthAppProject" */;
			buildPhases = (
				74DF66F1295B77A50046F521 /* Sources */,
				74DF66F2295B77A50046F521 /* Frameworks */,
				74DF66F3295B77A50046F521 /* Resources */,
			);
			buildRules = (
			);
			dependencies = (
			);
			name = HealthAppProject;
			productName = HealthAppProject;
			productReference = 74DF66F5295B77A50046F521 /* HealthAppProject.app */;
			productType = "com.apple.product-type.application";
		};
/* End PBXNativeTarget section */

/* Begin PBXProject section */
		74DF66ED295B77A50046F521 /* Project object */ = {
			isa = PBXProject;
			attributes = {
				BuildIndependentTargetsInParallel = 1;
				LastSwiftUpdateCheck = 1420;
				LastUpgradeCheck = 1420;
				TargetAttributes = {
					74DF66F4295B77A50046F521 = {
						CreatedOnToolsVersion = 14.2;
					};
				};
			};
			buildConfigurationList = 74DF66F0295B77A50046F521 /* Build configuration list for PBXProject "HealthAppProject" */;
			compatibilityVersion = "Xcode 14.0";
			developmentRegion = en;
			hasScannedForEncodings = 0;
			knownRegions = (
				en,
				Base,
			);
			mainGroup = 74DF66EC295B77A50046F521;
			productRefGroup = 74DF66F6295B77A50046F521 /* Products */;
			projectDirPath = "";
			projectRoot = "";
			targets = (
				74DF66F4295B77A50046F521 /* HealthAppProject */,
			);
		};
/* End PBXProject section */

/* Begin PBXResourcesBuildPhase section */
		74DF66F3295B77A50046F521 /* Resources */ = {
			isa = PBXResourcesBuildPhase;
			buildActionMask = 2147483647;
			files = (
				74DF6700295B77AC0046F521 /* Preview Assets.xcassets in Resources */,
				74DF66FD295B77AC0046F521 /* Assets.xcassets in Resources */,
			);
			runOnlyForDeploymentPostprocessing = 0;
		};
/* End PBXResourcesBuildPhase section */

/* Begin PBXSourcesBuildPhase section */
		74DF66F1295B77A50046F521 /* Sources */ = {
			isa = PBXSourcesBuildPhase;
			buildActionMask = 2147483647;
			files = (
				74666036298487EE00C17C8A /* CaloriesBurned.swift in Sources */,
				7496020C29D77B2500B6B824 /* WelcomeView.swift in Sources */,
				74E4DE542978C2D300E2A42C /* InfoView.swift in Sources */,
				74117147297E0CD000328365 /* ThreeMonthExerciseChartView.swift in Sources */,
				74DF66FB295B77A50046F521 /* QuickView.swift in Sources */,
				7466603429843BCA00C17C8A /* StepCountCardView.swift in Sources */,
				74F02F6F29B2807100AEB8BE /* HeartRateVariability.swift in Sources */,
				74D9111C29CBE65400DD694F /* FitnessIconModifier.swift in Sources */,
				7496021029D77B7E00B6B824 /* AuthorizationView.swift in Sources */,
				7438E699298733C600F571C7 /* NotificationManager.swift in Sources */,
				74117142297A07C000328365 /* SettingsView.swift in Sources */,
				7466602C297EB60B00C17C8A /* StrengthTrainingGoalView.swift in Sources */,
				74F02F6729B1A34A00AEB8BE /* Cardbackground.swift in Sources */,
				744095B929A5C6930098ACA7 /* HealthTypeInfoText.swift in Sources */,
				74F02F5C29AAE9B200AEB8BE /* HKWorkoutActivityTypeExtension.swift in Sources */,
				7438E6A02988B9F800F571C7 /* CaloriesBurnedView.swift in Sources */,
				746660322982B3FD00C17C8A /* ProgressGaugeView.swift in Sources */,
				7496020E29D77B5F00B6B824 /* OnboardTextView.swift in Sources */,
				74338BC62975675A00EEC9B9 /* ExerciseTime.swift in Sources */,
				74E4DE562978C6D700E2A42C /* InfoHeaderComponent.swift in Sources */,
				7438360E29720ED400CE8384 /* OneWeekRestHRChartView.swift in Sources */,
				740D0E012999D3F500776E3D /* MuscleView.swift in Sources */,
				74FBE85C2971FCA5003B5789 /* OneWeekStepChartView.swift in Sources */,
				743818E3295DFC8200FE4613 /* DateExtension.swift in Sources */,
				74117145297B4FCE00328365 /* OneMonthExerciseChartView.swift in Sources */,
				743818E6295E0C4500FE4613 /* Step.swift in Sources */,
				74675B15295FAD51008658B1 /* CurrentSummaryCardView.swift in Sources */,
				7429988429C414E20044E890 /* OnboardingView.swift in Sources */,
				747ED72129D65A4800F4FE16 /* GoalTextModifier.swift in Sources */,
				7466D62D2975D2C5000A2763 /* OneWeekExerciseTimeChartView.swift in Sources */,
				74338BC22974C96700EEC9B9 /* MainScreenView.swift in Sources */,
				7466602E297EE96100C17C8A /* ExerciseGaugeView.swift in Sources */,
				74DF670C295B843C0046F521 /* HealthStoreViewModel.swift in Sources */,
				744095C129A71C5C0098ACA7 /* ColorExtension.swift in Sources */,
				740D0E03299B27F100776E3D /* DataListView.swift in Sources */,
				74F02F7129B28C2E00AEB8BE /* OneWeekHRVChartView.swift in Sources */,
				74F02F6D29B278B900AEB8BE /* HealthInfoTileView.swift in Sources */,
				74338BC42974D03800EEC9B9 /* StatsView.swift in Sources */,
				7411E8EA296CF8EB00C1FB8A /* RestingHeartRate.swift in Sources */,
				74D3063A296E1E95004D153B /* ProgressionStepBar.swift in Sources */,
				74D9111829C7ED6D00DD694F /* StrengthActivityWeekView.swift in Sources */,
				74DF66F9295B77A50046F521 /* HealthAppProjectApp.swift in Sources */,
				74F02F6929B1A83E00AEB8BE /* StepCountTileView.swift in Sources */,
				7438E69E2987457D00F571C7 /* Constants.swift in Sources */,
			);
			runOnlyForDeploymentPostprocessing = 0;
		};
/* End PBXSourcesBuildPhase section */

/* Begin XCBuildConfiguration section */
		74DF6701295B77AC0046F521 /* Debug */ = {
			isa = XCBuildConfiguration;
			buildSettings = {
				ALWAYS_SEARCH_USER_PATHS = NO;
				CLANG_ANALYZER_NONNULL = YES;
				CLANG_ANALYZER_NUMBER_OBJECT_CONVERSION = YES_AGGRESSIVE;
				CLANG_CXX_LANGUAGE_STANDARD = "gnu++20";
				CLANG_ENABLE_MODULES = YES;
				CLANG_ENABLE_OBJC_ARC = YES;
				CLANG_ENABLE_OBJC_WEAK = YES;
				CLANG_WARN_BLOCK_CAPTURE_AUTORELEASING = YES;
				CLANG_WARN_BOOL_CONVERSION = YES;
				CLANG_WARN_COMMA = YES;
				CLANG_WARN_CONSTANT_CONVERSION = YES;
				CLANG_WARN_DEPRECATED_OBJC_IMPLEMENTATIONS = YES;
				CLANG_WARN_DIRECT_OBJC_ISA_USAGE = YES_ERROR;
				CLANG_WARN_DOCUMENTATION_COMMENTS = YES;
				CLANG_WARN_EMPTY_BODY = YES;
				CLANG_WARN_ENUM_CONVERSION = YES;
				CLANG_WARN_INFINITE_RECURSION = YES;
				CLANG_WARN_INT_CONVERSION = YES;
				CLANG_WARN_NON_LITERAL_NULL_CONVERSION = YES;
				CLANG_WARN_OBJC_IMPLICIT_RETAIN_SELF = YES;
				CLANG_WARN_OBJC_LITERAL_CONVERSION = YES;
				CLANG_WARN_OBJC_ROOT_CLASS = YES_ERROR;
				CLANG_WARN_QUOTED_INCLUDE_IN_FRAMEWORK_HEADER = YES;
				CLANG_WARN_RANGE_LOOP_ANALYSIS = YES;
				CLANG_WARN_STRICT_PROTOTYPES = YES;
				CLANG_WARN_SUSPICIOUS_MOVE = YES;
				CLANG_WARN_UNGUARDED_AVAILABILITY = YES_AGGRESSIVE;
				CLANG_WARN_UNREACHABLE_CODE = YES;
				CLANG_WARN__DUPLICATE_METHOD_MATCH = YES;
				COPY_PHASE_STRIP = NO;
				DEBUG_INFORMATION_FORMAT = dwarf;
				ENABLE_STRICT_OBJC_MSGSEND = YES;
				ENABLE_TESTABILITY = YES;
				GCC_C_LANGUAGE_STANDARD = gnu11;
				GCC_DYNAMIC_NO_PIC = NO;
				GCC_NO_COMMON_BLOCKS = YES;
				GCC_OPTIMIZATION_LEVEL = 0;
				GCC_PREPROCESSOR_DEFINITIONS = (
					"DEBUG=1",
					"$(inherited)",
				);
				GCC_WARN_64_TO_32_BIT_CONVERSION = YES;
				GCC_WARN_ABOUT_RETURN_TYPE = YES_ERROR;
				GCC_WARN_UNDECLARED_SELECTOR = YES;
				GCC_WARN_UNINITIALIZED_AUTOS = YES_AGGRESSIVE;
				GCC_WARN_UNUSED_FUNCTION = YES;
				GCC_WARN_UNUSED_VARIABLE = YES;
				IPHONEOS_DEPLOYMENT_TARGET = 16.2;
				MTL_ENABLE_DEBUG_INFO = INCLUDE_SOURCE;
				MTL_FAST_MATH = YES;
				ONLY_ACTIVE_ARCH = YES;
				SDKROOT = iphoneos;
				SWIFT_ACTIVE_COMPILATION_CONDITIONS = DEBUG;
				SWIFT_OPTIMIZATION_LEVEL = "-Onone";
			};
			name = Debug;
		};
		74DF6702295B77AC0046F521 /* Release */ = {
			isa = XCBuildConfiguration;
			buildSettings = {
				ALWAYS_SEARCH_USER_PATHS = NO;
				CLANG_ANALYZER_NONNULL = YES;
				CLANG_ANALYZER_NUMBER_OBJECT_CONVERSION = YES_AGGRESSIVE;
				CLANG_CXX_LANGUAGE_STANDARD = "gnu++20";
				CLANG_ENABLE_MODULES = YES;
				CLANG_ENABLE_OBJC_ARC = YES;
				CLANG_ENABLE_OBJC_WEAK = YES;
				CLANG_WARN_BLOCK_CAPTURE_AUTORELEASING = YES;
				CLANG_WARN_BOOL_CONVERSION = YES;
				CLANG_WARN_COMMA = YES;
				CLANG_WARN_CONSTANT_CONVERSION = YES;
				CLANG_WARN_DEPRECATED_OBJC_IMPLEMENTATIONS = YES;
				CLANG_WARN_DIRECT_OBJC_ISA_USAGE = YES_ERROR;
				CLANG_WARN_DOCUMENTATION_COMMENTS = YES;
				CLANG_WARN_EMPTY_BODY = YES;
				CLANG_WARN_ENUM_CONVERSION = YES;
				CLANG_WARN_INFINITE_RECURSION = YES;
				CLANG_WARN_INT_CONVERSION = YES;
				CLANG_WARN_NON_LITERAL_NULL_CONVERSION = YES;
				CLANG_WARN_OBJC_IMPLICIT_RETAIN_SELF = YES;
				CLANG_WARN_OBJC_LITERAL_CONVERSION = YES;
				CLANG_WARN_OBJC_ROOT_CLASS = YES_ERROR;
				CLANG_WARN_QUOTED_INCLUDE_IN_FRAMEWORK_HEADER = YES;
				CLANG_WARN_RANGE_LOOP_ANALYSIS = YES;
				CLANG_WARN_STRICT_PROTOTYPES = YES;
				CLANG_WARN_SUSPICIOUS_MOVE = YES;
				CLANG_WARN_UNGUARDED_AVAILABILITY = YES_AGGRESSIVE;
				CLANG_WARN_UNREACHABLE_CODE = YES;
				CLANG_WARN__DUPLICATE_METHOD_MATCH = YES;
				COPY_PHASE_STRIP = NO;
				DEBUG_INFORMATION_FORMAT = "dwarf-with-dsym";
				ENABLE_NS_ASSERTIONS = NO;
				ENABLE_STRICT_OBJC_MSGSEND = YES;
				GCC_C_LANGUAGE_STANDARD = gnu11;
				GCC_NO_COMMON_BLOCKS = YES;
				GCC_WARN_64_TO_32_BIT_CONVERSION = YES;
				GCC_WARN_ABOUT_RETURN_TYPE = YES_ERROR;
				GCC_WARN_UNDECLARED_SELECTOR = YES;
				GCC_WARN_UNINITIALIZED_AUTOS = YES_AGGRESSIVE;
				GCC_WARN_UNUSED_FUNCTION = YES;
				GCC_WARN_UNUSED_VARIABLE = YES;
				IPHONEOS_DEPLOYMENT_TARGET = 16.2;
				MTL_ENABLE_DEBUG_INFO = NO;
				MTL_FAST_MATH = YES;
				SDKROOT = iphoneos;
				SWIFT_COMPILATION_MODE = wholemodule;
				SWIFT_OPTIMIZATION_LEVEL = "-O";
				VALIDATE_PRODUCT = YES;
			};
			name = Release;
		};
		74DF6704295B77AC0046F521 /* Debug */ = {
			isa = XCBuildConfiguration;
			buildSettings = {
				ASSETCATALOG_COMPILER_APPICON_NAME = AppIcon;
				ASSETCATALOG_COMPILER_GLOBAL_ACCENT_COLOR_NAME = AccentColor;
				CODE_SIGN_ENTITLEMENTS = HealthAppProject/HealthAppProject.entitlements;
				CODE_SIGN_IDENTITY = "Apple Development";
				CODE_SIGN_STYLE = Automatic;
				CURRENT_PROJECT_VERSION = 1;
				DEVELOPMENT_ASSET_PATHS = "\"HealthAppProject/Preview Content\"";
				DEVELOPMENT_TEAM = 95Y447U3W5;
				ENABLE_PREVIEWS = YES;
				GENERATE_INFOPLIST_FILE = YES;
				INFOPLIST_FILE = HealthAppProject/Info.plist;
				INFOPLIST_KEY_NSHealthShareUsageDescription = "This app requires to access your health data";
				INFOPLIST_KEY_NSHealthUpdateUsageDescription = "This app requires to access your health data";
				INFOPLIST_KEY_UIApplicationSupportsIndirectInputEvents = YES;
				INFOPLIST_KEY_UILaunchScreen_Generation = YES;
				INFOPLIST_KEY_UISupportedInterfaceOrientations = UIInterfaceOrientationPortrait;
				IPHONEOS_DEPLOYMENT_TARGET = 16.2;
				LD_RUNPATH_SEARCH_PATHS = (
					"$(inherited)",
					"@executable_path/Frameworks",
				);
				MARKETING_VERSION = 1.0;
				PRODUCT_BUNDLE_IDENTIFIER = com.kevinjeon.HealthAppProject;
				PRODUCT_NAME = "$(TARGET_NAME)";
				PROVISIONING_PROFILE_SPECIFIER = "";
				SWIFT_EMIT_LOC_STRINGS = YES;
				SWIFT_VERSION = 5.0;
				TARGETED_DEVICE_FAMILY = 1;
			};
			name = Debug;
		};
		74DF6705295B77AC0046F521 /* Release */ = {
			isa = XCBuildConfiguration;
			buildSettings = {
				ASSETCATALOG_COMPILER_APPICON_NAME = AppIcon;
				ASSETCATALOG_COMPILER_GLOBAL_ACCENT_COLOR_NAME = AccentColor;
				CODE_SIGN_ENTITLEMENTS = HealthAppProject/HealthAppProject.entitlements;
				CODE_SIGN_IDENTITY = "Apple Development";
				CODE_SIGN_STYLE = Automatic;
				CURRENT_PROJECT_VERSION = 1;
				DEVELOPMENT_ASSET_PATHS = "\"HealthAppProject/Preview Content\"";
				DEVELOPMENT_TEAM = 95Y447U3W5;
				ENABLE_PREVIEWS = YES;
				GENERATE_INFOPLIST_FILE = YES;
				INFOPLIST_FILE = HealthAppProject/Info.plist;
				INFOPLIST_KEY_NSHealthShareUsageDescription = "This app requires to access your health data";
				INFOPLIST_KEY_NSHealthUpdateUsageDescription = "This app requires to access your health data";
				INFOPLIST_KEY_UIApplicationSupportsIndirectInputEvents = YES;
				INFOPLIST_KEY_UILaunchScreen_Generation = YES;
				INFOPLIST_KEY_UISupportedInterfaceOrientations = UIInterfaceOrientationPortrait;
				IPHONEOS_DEPLOYMENT_TARGET = 16.2;
				LD_RUNPATH_SEARCH_PATHS = (
					"$(inherited)",
					"@executable_path/Frameworks",
				);
				MARKETING_VERSION = 1.0;
				PRODUCT_BUNDLE_IDENTIFIER = com.kevinjeon.HealthAppProject;
				PRODUCT_NAME = "$(TARGET_NAME)";
				PROVISIONING_PROFILE_SPECIFIER = "";
				SWIFT_EMIT_LOC_STRINGS = YES;
				SWIFT_VERSION = 5.0;
				TARGETED_DEVICE_FAMILY = 1;
			};
			name = Release;
		};
/* End XCBuildConfiguration section */

/* Begin XCConfigurationList section */
		74DF66F0295B77A50046F521 /* Build configuration list for PBXProject "HealthAppProject" */ = {
			isa = XCConfigurationList;
			buildConfigurations = (
				74DF6701295B77AC0046F521 /* Debug */,
				74DF6702295B77AC0046F521 /* Release */,
			);
			defaultConfigurationIsVisible = 0;
			defaultConfigurationName = Release;
		};
		74DF6703295B77AC0046F521 /* Build configuration list for PBXNativeTarget "HealthAppProject" */ = {
			isa = XCConfigurationList;
			buildConfigurations = (
				74DF6704295B77AC0046F521 /* Debug */,
				74DF6705295B77AC0046F521 /* Release */,
			);
			defaultConfigurationIsVisible = 0;
			defaultConfigurationName = Release;
		};
/* End XCConfigurationList section */
	};
	rootObject = 74DF66ED295B77A50046F521 /* Project object */;
}
